# This file is generated by running "yarn install" inside your project.
# Manual changes might be lost - proceed with caution!

__metadata:
  version: 4
  cacheKey: 8

"husky@npm:7.0.2":
  version: 7.0.2
  resolution: "husky@npm:7.0.2"
  bin:
    husky: lib/bin.js
  checksum: 2ccfe6ddc51dc05ae8ea1e2fbb893344e93a813e00c595d6b5f5e704b7b998d6b0e2adda7c57f99b5e46a60dc07c7d860269a2ea91661c6bacef0eca8e0b8e96
  languageName: node
  linkType: hard

"personal-website@workspace:.":
  version: 0.0.0-use.local
  resolution: "personal-website@workspace:."
  dependencies:
    husky: 7.0.2
    prettier: 2.4.1
  languageName: unknown
  linkType: soft

"prettier@npm:2.4.1":
  version: 2.4.1
  resolution: "prettier@npm:2.4.1"
  bin:
    prettier: bin-prettier.js
  checksum: cc6830588b401b0d742862fe9c46bc9118204fb307c3abe0e49e95b35ed23629573807ffdf9cdd65289c252a0bb51fc0171437f6626ee36378dea80f0ee80b91
  languageName: node
  linkType: hard
